// !$*UTF8*$!
{
	archiveVersion = 1;
	classes = {
	};
	objectVersion = 50;
	objects = {

/* Begin PBXBuildFile section */
		842483E122B3E6F600C60D7B /* AppDelegate.swift in Sources */ = {isa = PBXBuildFile; fileRef = 842483E022B3E6F600C60D7B /* AppDelegate.swift */; };
		842483E322B3E6F600C60D7B /* ViewController.swift in Sources */ = {isa = PBXBuildFile; fileRef = 842483E222B3E6F600C60D7B /* ViewController.swift */; };
		842483E622B3E6F600C60D7B /* Main.storyboard in Resources */ = {isa = PBXBuildFile; fileRef = 842483E422B3E6F600C60D7B /* Main.storyboard */; };
		842483E822B3E6F700C60D7B /* Assets.xcassets in Resources */ = {isa = PBXBuildFile; fileRef = 842483E722B3E6F700C60D7B /* Assets.xcassets */; };
		842483EB22B3E6F700C60D7B /* LaunchScreen.storyboard in Resources */ = {isa = PBXBuildFile; fileRef = 842483E922B3E6F700C60D7B /* LaunchScreen.storyboard */; };
		842483F422B3E73100C60D7B /* emoji zone.mp4 in Resources */ = {isa = PBXBuildFile; fileRef = 842483F322B3E73100C60D7B /* emoji zone.mp4 */; };
		842483F622B3EA4600C60D7B /* VideoCell.swift in Sources */ = {isa = PBXBuildFile; fileRef = 842483F522B3EA4600C60D7B /* VideoCell.swift */; };
/* End PBXBuildFile section */

/* Begin PBXFileReference section */
		842483DD22B3E6F600C60D7B /* Swift03.app */ = {isa = PBXFileReference; explicitFileType = wrapper.application; includeInIndex = 0; path = Swift03.app; sourceTree = BUILT_PRODUCTS_DIR; };
		842483E022B3E6F600C60D7B /* AppDelegate.swift */ = {isa = PBXFileReference; lastKnownFileType = sourcecode.swift; path = AppDelegate.swift; sourceTree = "<group>"; };
		842483E222B3E6F600C60D7B /* ViewController.swift */ = {isa = PBXFileReference; lastKnownFileType = sourcecode.swift; path = ViewController.swift; sourceTree = "<group>"; };
		842483E522B3E6F600C60D7B /* Base */ = {isa = PBXFileReference; lastKnownFileType = file.storyboard; name = Base; path = Base.lproj/Main.storyboard; sourceTree = "<group>"; };
		842483E722B3E6F700C60D7B /* Assets.xcassets */ = {isa = PBXFileReference; lastKnownFileType = folder.assetcatalog; path = Assets.xcassets; sourceTree = "<group>"; };
		842483EA22B3E6F700C60D7B /* Base */ = {isa = PBXFileReference; lastKnownFileType = file.storyboard; name = Base; path = Base.lproj/LaunchScreen.storyboard; sourceTree = "<group>"; };
		842483EC22B3E6F700C60D7B /* Info.plist */ = {isa = PBXFileReference; lastKnownFileType = text.plist.xml; path = Info.plist; sourceTree = "<group>"; };
		842483F322B3E73100C60D7B /* emoji zone.mp4 */ = {isa = PBXFileReference; lastKnownFileType = file; path = "emoji zone.mp4"; sourceTree = "<group>"; };
		842483F522B3EA4600C60D7B /* VideoCell.swift */ = {isa = PBXFileReference; lastKnownFileType = sourcecode.swift; path = VideoCell.swift; sourceTree = "<group>"; };
/* End PBXFileReference section */

/* Begin PBXFrameworksBuildPhase section */
		842483DA22B3E6F600C60D7B /* Frameworks */ = {
			isa = PBXFrameworksBuildPhase;
			buildActionMask = 2147483647;
			files = (
			);
			runOnlyForDeploymentPostprocessing = 0;
		};
/* End PBXFrameworksBuildPhase section */

/* Begin PBXGroup section */
		842483D422B3E6F600C60D7B = {
			isa = PBXGroup;
			children = (
				842483DF22B3E6F600C60D7B /* Swift03 */,
				842483DE22B3E6F600C60D7B /* Products */,
			);
			sourceTree = "<group>";
		};
		842483DE22B3E6F600C60D7B /* Products */ = {
			isa = PBXGroup;
			children = (
				842483DD22B3E6F600C60D7B /* Swift03.app */,
			);
			name = Products;
			sourceTree = "<group>";
		};
		842483DF22B3E6F600C60D7B /* Swift03 */ = {
			isa = PBXGroup;
			children = (
				842483F222B3E72000C60D7B /* Movie */,
				842483E022B3E6F600C60D7B /* AppDelegate.swift */,
				842483E222B3E6F600C60D7B /* ViewController.swift */,
				842483F522B3EA4600C60D7B /* VideoCell.swift */,
				842483E422B3E6F600C60D7B /* Main.storyboard */,
				842483E722B3E6F700C60D7B /* Assets.xcassets */,
				842483E922B3E6F700C60D7B /* LaunchScreen.storyboard */,
				842483EC22B3E6F700C60D7B /* Info.plist */,
			);
			path = Swift03;
			sourceTree = "<group>";
		};
		842483F222B3E72000C60D7B /* Movie */ = {
			isa = PBXGroup;
			children = (
				842483F322B3E73100C60D7B /* emoji zone.mp4 */,
			);
			path = Movie;
			sourceTree = "<group>";
		};
/* End PBXGroup section */

/* Begin PBXNativeTarget section */
		842483DC22B3E6F600C60D7B /* Swift03 */ = {
			isa = PBXNativeTarget;
			buildConfigurationList = 842483EF22B3E6F700C60D7B /* Build configuration list for PBXNativeTarget "Swift03" */;
			buildPhases = (
				842483D922B3E6F600C60D7B /* Sources */,
				842483DA22B3E6F600C60D7B /* Frameworks */,
				842483DB22B3E6F600C60D7B /* Resources */,
			);
			buildRules = (
			);
			dependencies = (
			);
			name = Swift03;
			productName = Swift03;
			productReference = 842483DD22B3E6F600C60D7B /* Swift03.app */;
			productType = "com.apple.product-type.application";
		};
/* End PBXNativeTarget section */

/* Begin PBXProject section */
		842483D522B3E6F600C60D7B /* Project object */ = {
			isa = PBXProject;
			attributes = {
				LastSwiftUpdateCheck = 1020;
				LastUpgradeCheck = 1020;
				ORGANIZATIONNAME = "胡生才";
				TargetAttributes = {
					842483DC22B3E6F600C60D7B = {
						CreatedOnToolsVersion = 10.2.1;
					};
				};
			};
			buildConfigurationList = 842483D822B3E6F600C60D7B /* Build configuration list for PBXProject "Swift03" */;
			compatibilityVersion = "Xcode 9.3";
			developmentRegion = en;
			hasScannedForEncodings = 0;
			knownRegions = (
				en,
				Base,
			);
			mainGroup = 842483D422B3E6F600C60D7B;
			productRefGroup = 842483DE22B3E6F600C60D7B /* Products */;
			projectDirPath = "";
			projectRoot = "";
			targets = (
				842483DC22B3E6F600C60D7B /* Swift03 */,
			);
		};
/* End PBXProject section */

/* Begin PBXResourcesBuildPhase section */
		842483DB22B3E6F600C60D7B /* Resources */ = {
			isa = PBXResourcesBuildPhase;
			buildActionMask = 2147483647;
			files = (
				842483EB22B3E6F700C60D7B /* LaunchScreen.storyboard in Resources */,
				842483F422B3E73100C60D7B /* emoji zone.mp4 in Resources */,
				842483E822B3E6F700C60D7B /* Assets.xcassets in Resources */,
				842483E622B3E6F600C60D7B /* Main.storyboard in Resources */,
			);
			runOnlyForDeploymentPostprocessing = 0;
		};
/* End PBXResourcesBuildPhase section */

/* Begin PBXSourcesBuildPhase section */
		842483D922B3E6F600C60D7B /* Sources */ = {
			isa = PBXSourcesBuildPhase;
			buildActionMask = 2147483647;
			files = (
				842483E322B3E6F600C60D7B /* ViewController.swift in Sources */,
				842483E122B3E6F600C60D7B /* AppDelegate.swift in Sources */,
				842483F622B3EA4600C60D7B /* VideoCell.swift in Sources */,
			);
			runOnlyForDeploymentPostprocessing = 0;
		};
/* End PBXSourcesBuildPhase section */

/* Begin PBXVariantGroup section */
		842483E422B3E6F600C60D7B /* Main.storyboard */ = {
			isa = PBXVariantGroup;
			children = (
				842483E522B3E6F600C60D7B /* Base */,
			);
			name = Main.storyboard;
			sourceTree = "<group>";
		};
		842483E922B3E6F700C60D7B /* LaunchScreen.storyboard */ = {
			isa = PBXVariantGroup;
			children = (
				842483EA22B3E6F700C60D7B /* Base */,
			);
			name = LaunchScreen.storyboard;
			sourceTree = "<group>";
		};
/* End PBXVariantGroup section */

/* Begin XCBuildConfiguration section */
		842483ED22B3E6F700C60D7B /* Debug */ = {
			isa = XCBuildConfiguration;
			buildSettings = {
				ALWAYS_SEARCH_USER_PATHS = NO;
				CLANG_ANALYZER_NONNULL = YES;
				CLANG_ANALYZER_NUMBER_OBJECT_CONVERSION = YES_AGGRESSIVE;
				CLANG_CXX_LANGUAGE_STANDARD = "gnu++14";
				CLANG_CXX_LIBRARY = "libc++";
				CLANG_ENABLE_MODULES = YES;
				CLANG_ENABLE_OBJC_ARC = YES;
				CLANG_ENABLE_OBJC_WEAK = YES;
				CLANG_WARN_BLOCK_CAPTURE_AUTORELEASING = YES;
				CLANG_WARN_BOOL_CONVERSION = YES;
				CLANG_WARN_COMMA = YES;
				CLANG_WARN_CONSTANT_CONVERSION = YES;
				CLANG_WARN_DEPRECATED_OBJC_IMPLEMENTATIONS = YES;
				CLANG_WARN_DIRECT_OBJC_ISA_USAGE = YES_ERROR;
				CLANG_WARN_DOCUMENTATION_COMMENTS = YES;
				CLANG_WARN_EMPTY_BODY = YES;
				CLANG_WARN_ENUM_CONVERSION = YES;
				CLANG_WARN_INFINITE_RECURSION = YES;
				CLANG_WARN_INT_CONVERSION = YES;
				CLANG_WARN_NON_LITERAL_NULL_CONVERSION = YES;
				CLANG_WARN_OBJC_IMPLICIT_RETAIN_SELF = YES;
				CLANG_WARN_OBJC_LITERAL_CONVERSION = YES;
				CLANG_WARN_OBJC_ROOT_CLASS = YES_ERROR;
				CLANG_WARN_RANGE_LOOP_ANALYSIS = YES;
				CLANG_WARN_STRICT_PROTOTYPES = YES;
				CLANG_WARN_SUSPICIOUS_MOVE = YES;
				CLANG_WARN_UNGUARDED_AVAILABILITY = YES_AGGRESSIVE;
				CLANG_WARN_UNREACHABLE_CODE = YES;
				CLANG_WARN__DUPLICATE_METHOD_MATCH = YES;
				CODE_SIGN_IDENTITY = "iPhone Developer";
				COPY_PHASE_STRIP = NO;
				DEBUG_INFORMATION_FORMAT = dwarf;
				ENABLE_STRICT_OBJC_MSGSEND = YES;
				ENABLE_TESTABILITY = YES;
				GCC_C_LANGUAGE_STANDARD = gnu11;
				GCC_DYNAMIC_NO_PIC = NO;
				GCC_NO_COMMON_BLOCKS = YES;
				GCC_OPTIMIZATION_LEVEL = 0;
				GCC_PREPROCESSOR_DEFINITIONS = (
					"DEBUG=1",
					"$(inherited)",
				);
				GCC_WARN_64_TO_32_BIT_CONVERSION = YES;
				GCC_WARN_ABOUT_RETURN_TYPE = YES_ERROR;
				GCC_WARN_UNDECLARED_SELECTOR = YES;
				GCC_WARN_UNINITIALIZED_AUTOS = YES_AGGRESSIVE;
				GCC_WARN_UNUSED_FUNCTION = YES;
				GCC_WARN_UNUSED_VARIABLE = YES;
				IPHONEOS_DEPLOYMENT_TARGET = 12.2;
				MTL_ENABLE_DEBUG_INFO = INCLUDE_SOURCE;
				MTL_FAST_MATH = YES;
				ONLY_ACTIVE_ARCH = YES;
				SDKROOT = iphoneos;
				SWIFT_ACTIVE_COMPILATION_CONDITIONS = DEBUG;
				SWIFT_OPTIMIZATION_LEVEL = "-Onone";
			};
			name = Debug;
		};
		842483EE22B3E6F700C60D7B /* Release */ = {
			isa = XCBuildConfiguration;
			buildSettings = {
				ALWAYS_SEARCH_USER_PATHS = NO;
				CLANG_ANALYZER_NONNULL = YES;
				CLANG_ANALYZER_NUMBER_OBJECT_CONVERSION = YES_AGGRESSIVE;
				CLANG_CXX_LANGUAGE_STANDARD = "gnu++14";
				CLANG_CXX_LIBRARY = "libc++";
				CLANG_ENABLE_MODULES = YES;
				CLANG_ENABLE_OBJC_ARC = YES;
				CLANG_ENABLE_OBJC_WEAK = YES;
				CLANG_WARN_BLOCK_CAPTURE_AUTORELEASING = YES;
				CLANG_WARN_BOOL_CONVERSION = YES;
				CLANG_WARN_COMMA = YES;
				CLANG_WARN_CONSTANT_CONVERSION = YES;
				CLANG_WARN_DEPRECATED_OBJC_IMPLEMENTATIONS = YES;
				CLANG_WARN_DIRECT_OBJC_ISA_USAGE = YES_ERROR;
				CLANG_WARN_DOCUMENTATION_COMMENTS = YES;
				CLANG_WARN_EMPTY_BODY = YES;
				CLANG_WARN_ENUM_CONVERSION = YES;
				CLANG_WARN_INFINITE_RECURSION = YES;
				CLANG_WARN_INT_CONVERSION = YES;
				CLANG_WARN_NON_LITERAL_NULL_CONVERSION = YES;
				CLANG_WARN_OBJC_IMPLICIT_RETAIN_SELF = YES;
				CLANG_WARN_OBJC_LITERAL_CONVERSION = YES;
				CLANG_WARN_OBJC_ROOT_CLASS = YES_ERROR;
				CLANG_WARN_RANGE_LOOP_ANALYSIS = YES;
				CLANG_WARN_STRICT_PROTOTYPES = YES;
				CLANG_WARN_SUSPICIOUS_MOVE = YES;
				CLANG_WARN_UNGUARDED_AVAILABILITY = YES_AGGRESSIVE;
				CLANG_WARN_UNREACHABLE_CODE = YES;
				CLANG_WARN__DUPLICATE_METHOD_MATCH = YES;
				CODE_SIGN_IDENTITY = "iPhone Developer";
				COPY_PHASE_STRIP = NO;
				DEBUG_INFORMATION_FORMAT = "dwarf-with-dsym";
				ENABLE_NS_ASSERTIONS = NO;
				ENABLE_STRICT_OBJC_MSGSEND = YES;
				GCC_C_LANGUAGE_STANDARD = gnu11;
				GCC_NO_COMMON_BLOCKS = YES;
				GCC_WARN_64_TO_32_BIT_CONVERSION = YES;
				GCC_WARN_ABOUT_RETURN_TYPE = YES_ERROR;
				GCC_WARN_UNDECLARED_SELECTOR = YES;
				GCC_WARN_UNINITIALIZED_AUTOS = YES_AGGRESSIVE;
				GCC_WARN_UNUSED_FUNCTION = YES;
				GCC_WARN_UNUSED_VARIABLE = YES;
				IPHONEOS_DEPLOYMENT_TARGET = 12.2;
				MTL_ENABLE_DEBUG_INFO = NO;
				MTL_FAST_MATH = YES;
				SDKROOT = iphoneos;
				SWIFT_COMPILATION_MODE = wholemodule;
				SWIFT_OPTIMIZATION_LEVEL = "-O";
				VALIDATE_PRODUCT = YES;
			};
			name = Release;
		};
		842483F022B3E6F700C60D7B /* Debug */ = {
			isa = XCBuildConfiguration;
			buildSettings = {
				ASSETCATALOG_COMPILER_APPICON_NAME = AppIcon;
				CODE_SIGN_STYLE = Automatic;
				INFOPLIST_FILE = Swift03/Info.plist;
				LD_RUNPATH_SEARCH_PATHS = (
					"$(inherited)",
					"@executable_path/Frameworks",
				);
				PRODUCT_BUNDLE_IDENTIFIER = hsci.Swift03;
				PRODUCT_NAME = "$(TARGET_NAME)";
				SWIFT_VERSION = 5.0;
				TARGETED_DEVICE_FAMILY = "1,2";
			};
			name = Debug;
		};
		842483F122B3E6F700C60D7B /* Release */ = {
			isa = XCBuildConfiguration;
			buildSettings = {
				ASSETCATALOG_COMPILER_APPICON_NAME = AppIcon;
				CODE_SIGN_STYLE = Automatic;
				INFOPLIST_FILE = Swift03/Info.plist;
				LD_RUNPATH_SEARCH_PATHS = (
					"$(inherited)",
					"@executable_path/Frameworks",
				);
				PRODUCT_BUNDLE_IDENTIFIER = hsci.Swift03;
				PRODUCT_NAME = "$(TARGET_NAME)";
				SWIFT_VERSION = 5.0;
				TARGETED_DEVICE_FAMILY = "1,2";
			};
			name = Release;
		};
/* End XCBuildConfiguration section */

/* Begin XCConfigurationList section */
		842483D822B3E6F600C60D7B /* Build configuration list for PBXProject "Swift03" */ = {
			isa = XCConfigurationList;
			buildConfigurations = (
				842483ED22B3E6F700C60D7B /* Debug */,
				842483EE22B3E6F700C60D7B /* Release */,
			);
			defaultConfigurationIsVisible = 0;
			defaultConfigurationName = Release;
		};
		842483EF22B3E6F700C60D7B /* Build configuration list for PBXNativeTarget "Swift03" */ = {
			isa = XCConfigurationList;
			buildConfigurations = (
				842483F022B3E6F700C60D7B /* Debug */,
				842483F122B3E6F700C60D7B /* Release */,
			);
			defaultConfigurationIsVisible = 0;
			defaultConfigurationName = Release;
		};
/* End XCConfigurationList section */
	};
	rootObject = 842483D522B3E6F600C60D7B /* Project object */;
}
